{
  "name": "dsh-ts-host",
  "version": "0.1.0",
  "lockfileVersion": 3,
  "requires": true,
  "packages": {
    "": {
      "name": "dsh-ts-host",
      "version": "0.1.0",
      "dependencies": {
        "@deepseek-ai/cordis-plugin-include": "^1.0.6",
        "cordis": "4.0.0-rc.8"
      }
    },
    "node_modules/@deepseek-ai/cordis": {
      "version": "4.0.1",
      "resolved": "https://registry.npmmirror.com/@deepseek-ai/cordis/-/cordis-4.0.1.tgz",
      "integrity": "sha512-YBdskTU2Po1kru3GgcUWUbkTsPMA9LkSQDAY8rBkFJeajdgcQad3QPJZE26JyK99Xb6HaASvoXg2DSUTeN/0Nw==",
      "license": "MIT",
      "peer": true,
      "dependencies": {
        "@deepseek-ai/cosmokit": "^1.8.2",
        "@standard-schema/spec": "^1.1.0"
      },
      "bin": {
        "cordis": "bin.js"
      },
      "peerDependencies": {
        "@deepseek-ai/cordis-plugin-include": "^1.0.6",
        "@deepseek-ai/cordis-plugin-loader": "^1.0.2"
      },
      "peerDependenciesMeta": {
        "@deepseek-ai/cordis-plugin-include": {
          "optional": true
        },
        "@deepseek-ai/cordis-plugin-loader": {
          "optional": true
        }
      }
    },
    "node_modules/@deepseek-ai/cordis-plugin-include": {
      "version": "1.0.6",
      "resolved": "https://registry.npmmirror.com/@deepseek-ai/cordis-plugin-include/-/cordis-plugin-include-1.0.6.tgz",
      "integrity": "sha512-i1VXrZCbv6tk/iUgedCNjrxxArbWT3IvRZGB5sdqJ3ectnihivXXQbRZ8JJ73DSmAPvlMGmrbtjFAfm10yvXRg==",
      "license": "MIT",
      "dependencies": {
        "@deepseek-ai/cosmokit": "^1.8.2",
        "js-yaml": "^4.1.0"
      },
      "peerDependencies": {
        "@deepseek-ai/cordis": "^4.0.1",
        "@deepseek-ai/cordis-plugin-loader": "^1.0.2"
      }
    },
    "node_modules/@deepseek-ai/cordis-plugin-loader": {
      "version": "1.0.2",
      "resolved": "https://registry.npmmirror.com/@deepseek-ai/cordis-plugin-loader/-/cordis-plugin-loader-1.0.2.tgz",
      "integrity": "sha512-RIW9hoVyhYDWdCI9BsvtZccPde1ECLC4OAxupwowGTak78vwVTVdb3HezTSOK1Y1/Ax3Ru0LA1pYOB04CnTxIQ==",
      "license": "MIT",
      "peer": true,
      "dependencies": {
        "@deepseek-ai/cosmokit": "^1.8.2"
      },
      "peerDependencies": {
        "@deepseek-ai/cordis": "^4.0.1",
        "node-addon-require-builtin": "^0.1.4"
      },
      "peerDependenciesMeta": {
        "node-addon-require-builtin": {
          "optional": true
        }
      }
    },
    "node_modules/@deepseek-ai/cosmokit": {
      "version": "1.8.2",
      "resolved": "https://registry.npmmirror.com/@deepseek-ai/cosmokit/-/cosmokit-1.8.2.tgz",
      "integrity": "sha512-muBOKtSrUKU5m/xpq8ZXWL6hQ/jgd4PhU2PqH97bcxIiLEJfNwZOGQEx4t/aS/GgxRAR+ra9pMHPMtTHU4sqqA==",
      "license": "MIT"
    },
    "node_modules/@standard-schema/spec": {
      "version": "1.1.0",
      "resolved": "https://registry.npmmirror.com/@standard-schema/spec/-/spec-1.1.0.tgz",
      "integrity": "sha512-l2aFy5jALhniG5HgqrD6jXLi/rUWrKvqN/qJx6yoJsgKhblVd+iqqU4RCXavm/jPityDo5TCvKMnpjKnOriy0w==",
      "license": "MIT"
    },
    "node_modules/argparse": {
      "version": "2.0.1",
      "resolved": "https://registry.npmmirror.com/argparse/-/argparse-2.0.1.tgz",
      "integrity": "sha512-8+9WqebbFzpX9OR+Wa6O29asIogeRMzcGtAINdpMHHyAg10f05aSFVBbcEqGf/PXw1EjAZ+q2/bEBg3DvurK3Q==",
      "license": "Python-2.0"
    },
    "node_modules/cordis": {
      "version": "4.0.0-rc.8",
      "resolved": "https://registry.npmmirror.com/cordis/-/cordis-4.0.0-rc.8.tgz",
      "integrity": "sha512-vXaYK6XZJlIFTnODp4Rd973Qnd/gm3cwFzWsMTaeu6cQQheA7N+aA0GqHRNl0cFIrxMXWU8dst1ZXHlUQvfyRw==",
      "license": "MIT",
      "dependencies": {
        "@standard-schema/spec": "^1.1.0",
        "cosmokit": "^1.8.1"
      },
      "bin": {
        "cordis": "bin.js"
      },
      "peerDependencies": {
        "@cordisjs/plugin-include": "^1.0.4",
        "@cordisjs/plugin-loader": "^1.0.0-rc.5"
      },
      "peerDependenciesMeta": {
        "@cordisjs/plugin-include": {
          "optional": true
        },
        "@cordisjs/plugin-loader": {
          "optional": true
        }
      }
    },
    "node_modules/cosmokit": {
      "version": "1.8.1",
      "resolved": "https://registry.npmmirror.com/cosmokit/-/cosmokit-1.8.1.tgz",
      "integrity": "sha512-PDBv4l90xZKrUsZ0vtoycgZpO/j4iFsqJXrAxsyBDsnQRI7ZMJXIjgDJsKNjd5L8jnVnnlrDCdhkFbTncgCVjQ==",
      "license": "MIT"
    },
    "node_modules/js-yaml": {
      "version": "4.3.1",
      "resolved": "https://registry.npmmirror.com/js-yaml/-/js-yaml-4.3.1.tgz",
      "integrity": "sha512-CY6crGq313MX8GkwvB7tzgp99vjQxY1++5y10/BKN/GUfHqWaOGQMNZkBvqSzsZKWk/ijwHlWzzkLulsGHhjWQ==",
      "funding": [
        {
          "type": "github",
          "url": "https://github.com/sponsors/puzrin"
        },
        {
          "type": "github",
          "url": "https://github.com/sponsors/nodeca"
        }
      ],
      "license": "MIT",
      "dependencies": {
        "argparse": "^2.0.1"
      },
      "bin": {
        "js-yaml": "bin/js-yaml.js"
      }
    }
  }
}
